
Microsoft Visual Studio Solution File, Format Version 12.00
# Visual Studio Version 16
VisualStudioVersion = 16.0.30523.141
MinimumVisualStudioVersion = 10.0.40219.1
Project("{FAE04EC0-301F-11D3-BF4B-00C04F79EFBC}") = "Facebook", "Facebook\Facebook.csproj", "{A83E75A2-E89D-431E-A9EA-B81C743D656F}"
EndProject
Global
	GlobalSection(SolutionConfigurationPlatforms) = preSolution
		Debug|Any CPU = Debug|Any CPU
		Release|Any CPU = Release|Any CPU
	EndGlobalSection
	GlobalSection(ProjectConfigurationPlatforms) = postSolution
		{A83E75A2-E89D-431E-A9EA-B81C743D656F}.Debug|Any CPU.ActiveCfg = Debug|Any CPU
		{A83E75A2-E89D-431E-A9EA-B81C743D656F}.Debug|Any CPU.Build.0 = Debug|Any CPU
		{A83E75A2-E89D-431E-A9EA-B81C743D656F}.Release|Any CPU.ActiveCfg = Release|Any CPU
		{A83E75A2-E89D-431E-A9EA-B81C743D656F}.Release|Any CPU.Build.0 = Release|Any CPU
	EndGlobalSection
	GlobalSection(SolutionProperties) = preSolution
		HideSolutionNode = FALSE
	EndGlobalSection
	GlobalSection(ExtensibilityGlobals) = postSolution
		SolutionGuid = {E1361D59-EFB6-4C0F-AD09-EF34054D88AB}
	EndGlobalSection
EndGlobal
